
Microsoft Visual Studio Solution File, Format Version 12.00
# Visual Studio Version 16
VisualStudioVersion = 16.0.30717.126
MinimumVisualStudioVersion = 10.0.40219.1
Project("{FAE04EC0-301F-11D3-BF4B-00C04F79EFBC}") = "CodeFirstExistingDatabase", "CodeFirstExistingDatabase.csproj", "{E9636048-7631-4343-BC1B-7F03A7DFE4D7}"
EndProject
Global
	GlobalSection(SolutionConfigurationPlatforms) = preSolution
		Debug|Any CPU = Debug|Any CPU
		Release|Any CPU = Release|Any CPU
	EndGlobalSection
	GlobalSection(ProjectConfigurationPlatforms) = postSolution
		{E9636048-7631-4343-BC1B-7F03A7DFE4D7}.Debug|Any CPU.ActiveCfg = Debug|Any CPU
		{E9636048-7631-4343-BC1B-7F03A7DFE4D7}.Debug|Any CPU.Build.0 = Debug|Any CPU
		{E9636048-7631-4343-BC1B-7F03A7DFE4D7}.Release|Any CPU.ActiveCfg = Release|Any CPU
		{E9636048-7631-4343-BC1B-7F03A7DFE4D7}.Release|Any CPU.Build.0 = Release|Any CPU
	EndGlobalSection
	GlobalSection(SolutionProperties) = preSolution
		HideSolutionNode = FALSE
	EndGlobalSection
	GlobalSection(ExtensibilityGlobals) = postSolution
		SolutionGuid = {F3F7AC5A-BF8F-49F8-8823-2F05477B13A2}
	EndGlobalSection
EndGlobal
